{
  "lockfile-version": 1,
  "manifest": {
    "version": 1,
    "install": {
      "hello": {
        "pkg-path": "hello"
      }
    },
    "hook": {},
    "profile": {},
    "options": {}
  },
  "packages": [
    {
      "attr_path": "hello",
      "broken": false,
      "derivation": "/nix/store/j9dbnby3c20a9qrq38kz7zf1isfqy9g4-hello-2.12.2.drv",
      "description": "Program that produces a familiar, friendly greeting",
      "install_id": "hello",
      "license": "GPL-3.0-or-later",
      "locked_url": "https://github.com/flox/nixpkgs?rev=5ae3b07d8d6527c42f17c876e404993199144b6a",
      "name": "hello-2.12.2",
      "pname": "hello",
      "rev": "5ae3b07d8d6527c42f17c876e404993199144b6a",
      "rev_count": 901419,
      "rev_date": "2025-11-24T06:39:56Z",
      "scrape_date": "2025-11-26T02:53:37.421258Z",
      "stabilities": [
        "unstable"
      ],
      "unfree": false,
      "version": "2.12.2",
      "outputs_to_install": [
        "out"
      ],
      "outputs": {
        "out": "/nix/store/99qjarx4yjwh0ik9xl9idw0jd270l26m-hello-2.12.2"
      },
      "system": "aarch64-darwin",
      "group": "toplevel",
      "priority": 5
    },
    {
      "attr_path": "hello",
      "broken": false,
      "derivation": "/nix/store/x4nvgv4n8mfzwzvasal1bc6hf2qyd36k-hello-2.12.2.drv",
      "description": "Program that produces a familiar, friendly greeting",
      "install_id": "hello",
      "license": "GPL-3.0-or-later",
      "locked_url": "https://github.com/flox/nixpkgs?rev=5ae3b07d8d6527c42f17c876e404993199144b6a",
      "name": "hello-2.12.2",
      "pname": "hello",
      "rev": "5ae3b07d8d6527c42f17c876e404993199144b6a",
      "rev_count": 901419,
      "rev_date": "2025-11-24T06:39:56Z",
      "scrape_date": "2025-11-26T03:02:56.012244Z",
      "stabilities": [
        "unstable"
      ],
      "unfree": false,
      "version": "2.12.2",
      "outputs_to_install": [
        "out"
      ],
      "outputs": {
        "out": "/nix/store/jrq3p609i85jsg27mr5zxm2imk3mjzyk-hello-2.12.2"
      },
      "system": "aarch64-linux",
      "group": "toplevel",
      "priority": 5
    },
    {
      "attr_path": "hello",
      "broken": false,
      "derivation": "/nix/store/phkwqs05bc9v551kqlqhqzs30pzwjgir-hello-2.12.2.drv",
      "description": "Program that produces a familiar, friendly greeting",
      "install_id": "hello",
      "license": "GPL-3.0-or-later",
      "locked_url": "https://github.com/flox/nixpkgs?rev=5ae3b07d8d6527c42f17c876e404993199144b6a",
      "name": "hello-2.12.2",
      "pname": "hello",
      "rev": "5ae3b07d8d6527c42f17c876e404993199144b6a",
      "rev_count": 901419,
      "rev_date": "2025-11-24T06:39:56Z",
      "scrape_date": "2025-11-26T03:12:37.810976Z",
      "stabilities": [
        "unstable"
      ],
      "unfree": false,
      "version": "2.12.2",
      "outputs_to_install": [
        "out"
      ],
      "outputs": {
        "out": "/nix/store/7sby8nvkik7dyywdmlnn6wjw5zmfd0zq-hello-2.12.2"
      },
      "system": "x86_64-darwin",
      "group": "toplevel",
      "priority": 5
    },
    {
      "attr_path": "hello",
      "broken": false,
      "derivation": "/nix/store/7b74rz38695maqwdb2mq004vk921icd3-hello-2.12.2.drv",
      "description": "Program that produces a familiar, friendly greeting",
      "install_id": "hello",
      "license": "GPL-3.0-or-later",
      "locked_url": "https://github.com/flox/nixpkgs?rev=5ae3b07d8d6527c42f17c876e404993199144b6a",
      "name": "hello-2.12.2",
      "pname": "hello",
      "rev": "5ae3b07d8d6527c42f17c876e404993199144b6a",
      "rev_count": 901419,
      "rev_date": "2025-11-24T06:39:56Z",
      "scrape_date": "2025-11-26T03:22:03.524599Z",
      "stabilities": [
        "unstable"
      ],
      "unfree": false,
      "version": "2.12.2",
      "outputs_to_install": [
        "out"
      ],
      "outputs": {
        "out": "/nix/store/2bcv91i8fahqghn8dmyr791iaycbsjdd-hello-2.12.2"
      },
      "system": "x86_64-linux",
      "group": "toplevel",
      "priority": 5
    }
  ]
}
